
Microsoft Visual Studio Solution File, Format Version 12.00
# Visual Studio Version 16
VisualStudioVersion = 16.0.31321.278
MinimumVisualStudioVersion = 10.0.40219.1
Project("{FAE04EC0-301F-11D3-BF4B-00C04F79EFBC}") = "Accounting", "Accounting\Accounting.csproj", "{ECF78747-5E11-4883-8797-C4FC2A912BD5}"
EndProject
Global
	GlobalSection(SolutionConfigurationPlatforms) = preSolution
		Debug|Any CPU = Debug|Any CPU
		Release|Any CPU = Release|Any CPU
	EndGlobalSection
	GlobalSection(ProjectConfigurationPlatforms) = postSolution
		{ECF78747-5E11-4883-8797-C4FC2A912BD5}.Debug|Any CPU.ActiveCfg = Debug|Any CPU
		{ECF78747-5E11-4883-8797-C4FC2A912BD5}.Debug|Any CPU.Build.0 = Debug|Any CPU
		{ECF78747-5E11-4883-8797-C4FC2A912BD5}.Release|Any CPU.ActiveCfg = Release|Any CPU
		{ECF78747-5E11-4883-8797-C4FC2A912BD5}.Release|Any CPU.Build.0 = Release|Any CPU
	EndGlobalSection
	GlobalSection(SolutionProperties) = preSolution
		HideSolutionNode = FALSE
	EndGlobalSection
	GlobalSection(ExtensibilityGlobals) = postSolution
		SolutionGuid = {4FA71880-3863-4D72-B27B-DADEAB540511}
	EndGlobalSection
EndGlobal
